
Microsoft Visual Studio Solution File, Format Version 12.00
# Visual Studio 15
VisualStudioVersion = 15.0.28307.572
MinimumVisualStudioVersion = 10.0.40219.1
Project("{8BC9CEB8-8B4A-11D0-8D11-00A0C91BC942}") = "test", "test.vcxproj", "{32E7A56E-A055-4B7A-A60A-2AF7090BD890}"
	ProjectSection(ProjectDependencies) = postProject
		{682497FB-BF1B-47C8-86AA-D8BFAFA6116C} = {682497FB-BF1B-47C8-86AA-D8BFAFA6116C}
	EndProjectSection
EndProject
Project("{8BC9CEB8-8B4A-11D0-8D11-00A0C91BC942}") = "qc_mq", "qc_mq.vcxproj", "{682497FB-BF1B-47C8-86AA-D8BFAFA6116C}"
EndProject
Project("{8BC9CEB8-8B4A-11D0-8D11-00A0C91BC942}") = "qc_qsys", "qc_qsys.vcxproj", "{C137FF71-D913-4701-AAD8-F5300CA580D6}"
EndProject
Project("{8BC9CEB8-8B4A-11D0-8D11-00A0C91BC942}") = "qc_net", "qc_net.vcxproj", "{FEB1584C-1C43-421A-AE2D-87153E85E8DA}"
EndProject
Project("{8BC9CEB8-8B4A-11D0-8D11-00A0C91BC942}") = "qc_qdb", "qc_qdb.vcxproj", "{24196AEC-24F1-4503-97BB-D9B64AEF5C16}"
EndProject
Project("{8BC9CEB8-8B4A-11D0-8D11-00A0C91BC942}") = "qc_base", "qc_base.vcxproj", "{96CA49C5-802B-41C3-8AB4-7A27D640F485}"
EndProject
Global
	GlobalSection(SolutionConfigurationPlatforms) = preSolution
		Debug|x64 = Debug|x64
		Debug|x86 = Debug|x86
		Release|x64 = Release|x64
		Release|x86 = Release|x86
	EndGlobalSection
	GlobalSection(ProjectConfigurationPlatforms) = postSolution
		{32E7A56E-A055-4B7A-A60A-2AF7090BD890}.Debug|x64.ActiveCfg = Debug|x64
		{32E7A56E-A055-4B7A-A60A-2AF7090BD890}.Debug|x64.Build.0 = Debug|x64
		{32E7A56E-A055-4B7A-A60A-2AF7090BD890}.Debug|x86.ActiveCfg = Debug|Win32
		{32E7A56E-A055-4B7A-A60A-2AF7090BD890}.Debug|x86.Build.0 = Debug|Win32
		{32E7A56E-A055-4B7A-A60A-2AF7090BD890}.Release|x64.ActiveCfg = Release|x64
		{32E7A56E-A055-4B7A-A60A-2AF7090BD890}.Release|x64.Build.0 = Release|x64
		{32E7A56E-A055-4B7A-A60A-2AF7090BD890}.Release|x86.ActiveCfg = Release|Win32
		{32E7A56E-A055-4B7A-A60A-2AF7090BD890}.Release|x86.Build.0 = Release|Win32
		{682497FB-BF1B-47C8-86AA-D8BFAFA6116C}.Debug|x64.ActiveCfg = Debug|x64
		{682497FB-BF1B-47C8-86AA-D8BFAFA6116C}.Debug|x64.Build.0 = Debug|x64
		{682497FB-BF1B-47C8-86AA-D8BFAFA6116C}.Debug|x86.ActiveCfg = Debug|Win32
		{682497FB-BF1B-47C8-86AA-D8BFAFA6116C}.Debug|x86.Build.0 = Debug|Win32
		{682497FB-BF1B-47C8-86AA-D8BFAFA6116C}.Release|x64.ActiveCfg = Release|x64
		{682497FB-BF1B-47C8-86AA-D8BFAFA6116C}.Release|x64.Build.0 = Release|x64
		{682497FB-BF1B-47C8-86AA-D8BFAFA6116C}.Release|x86.ActiveCfg = Release|Win32
		{682497FB-BF1B-47C8-86AA-D8BFAFA6116C}.Release|x86.Build.0 = Release|Win32
		{C137FF71-D913-4701-AAD8-F5300CA580D6}.Debug|x64.ActiveCfg = Debug|x64
		{C137FF71-D913-4701-AAD8-F5300CA580D6}.Debug|x64.Build.0 = Debug|x64
		{C137FF71-D913-4701-AAD8-F5300CA580D6}.Debug|x86.ActiveCfg = Debug|Win32
		{C137FF71-D913-4701-AAD8-F5300CA580D6}.Debug|x86.Build.0 = Debug|Win32
		{C137FF71-D913-4701-AAD8-F5300CA580D6}.Release|x64.ActiveCfg = Release|x64
		{C137FF71-D913-4701-AAD8-F5300CA580D6}.Release|x64.Build.0 = Release|x64
		{C137FF71-D913-4701-AAD8-F5300CA580D6}.Release|x86.ActiveCfg = Release|Win32
		{C137FF71-D913-4701-AAD8-F5300CA580D6}.Release|x86.Build.0 = Release|Win32
		{FEB1584C-1C43-421A-AE2D-87153E85E8DA}.Debug|x64.ActiveCfg = Debug|x64
		{FEB1584C-1C43-421A-AE2D-87153E85E8DA}.Debug|x64.Build.0 = Debug|x64
		{FEB1584C-1C43-421A-AE2D-87153E85E8DA}.Debug|x86.ActiveCfg = Debug|Win32
		{FEB1584C-1C43-421A-AE2D-87153E85E8DA}.Debug|x86.Build.0 = Debug|Win32
		{FEB1584C-1C43-421A-AE2D-87153E85E8DA}.Release|x64.ActiveCfg = Release|x64
		{FEB1584C-1C43-421A-AE2D-87153E85E8DA}.Release|x64.Build.0 = Release|x64
		{FEB1584C-1C43-421A-AE2D-87153E85E8DA}.Release|x86.ActiveCfg = Release|Win32
		{FEB1584C-1C43-421A-AE2D-87153E85E8DA}.Release|x86.Build.0 = Release|Win32
		{24196AEC-24F1-4503-97BB-D9B64AEF5C16}.Debug|x64.ActiveCfg = Debug|x64
		{24196AEC-24F1-4503-97BB-D9B64AEF5C16}.Debug|x64.Build.0 = Debug|x64
		{24196AEC-24F1-4503-97BB-D9B64AEF5C16}.Debug|x86.ActiveCfg = Debug|Win32
		{24196AEC-24F1-4503-97BB-D9B64AEF5C16}.Debug|x86.Build.0 = Debug|Win32
		{24196AEC-24F1-4503-97BB-D9B64AEF5C16}.Release|x64.ActiveCfg = Release|x64
		{24196AEC-24F1-4503-97BB-D9B64AEF5C16}.Release|x64.Build.0 = Release|x64
		{24196AEC-24F1-4503-97BB-D9B64AEF5C16}.Release|x86.ActiveCfg = Release|Win32
		{24196AEC-24F1-4503-97BB-D9B64AEF5C16}.Release|x86.Build.0 = Release|Win32
		{96CA49C5-802B-41C3-8AB4-7A27D640F485}.Debug|x64.ActiveCfg = Debug|x64
		{96CA49C5-802B-41C3-8AB4-7A27D640F485}.Debug|x64.Build.0 = Debug|x64
		{96CA49C5-802B-41C3-8AB4-7A27D640F485}.Debug|x86.ActiveCfg = Debug|Win32
		{96CA49C5-802B-41C3-8AB4-7A27D640F485}.Debug|x86.Build.0 = Debug|Win32
		{96CA49C5-802B-41C3-8AB4-7A27D640F485}.Release|x64.ActiveCfg = Release|x64
		{96CA49C5-802B-41C3-8AB4-7A27D640F485}.Release|x64.Build.0 = Release|x64
		{96CA49C5-802B-41C3-8AB4-7A27D640F485}.Release|x86.ActiveCfg = Release|Win32
		{96CA49C5-802B-41C3-8AB4-7A27D640F485}.Release|x86.Build.0 = Release|Win32
	EndGlobalSection
	GlobalSection(SolutionProperties) = preSolution
		HideSolutionNode = FALSE
	EndGlobalSection
	GlobalSection(ExtensibilityGlobals) = postSolution
		SolutionGuid = {CA6AA649-7782-4BBF-8B97-BAA08B6A29D6}
	EndGlobalSection
EndGlobal
